
Microsoft Visual Studio Solution File, Format Version 12.00
# Visual Studio Version 17
VisualStudioVersion = 17.7.34003.232
MinimumVisualStudioVersion = 10.0.40219.1
Project("{9A19103F-16F7-4668-BE54-9A1E7A4F7556}") = "SingleResponsibility", "MainSolution\SingleResponsibility.csproj", "{DB574559-0975-4341-85C2-C042F675BAFF}"
EndProject
Project("{FAE04EC0-301F-11D3-BF4B-00C04F79EFBC}") = "OpenClosePrinciple", "OpenClosePrinciple\OpenClosePrinciple.csproj", "{084BB814-5B54-4031-987C-884083ED2908}"
EndProject
Project("{FAE04EC0-301F-11D3-BF4B-00C04F79EFBC}") = "LiskovSubstitutionPrinciple", "LiskovSubstitutionPrinciple\LiskovSubstitutionPrinciple.csproj", "{A5A8E622-F4E0-46F5-863B-07ECC1AFC3CC}"
EndProject
Project("{FAE04EC0-301F-11D3-BF4B-00C04F79EFBC}") = "InterfaceSegregationPrinciple", "InterfaceSegregationPrinciple\InterfaceSegregationPrinciple.csproj", "{4CF0B0E5-25F5-4AC1-8F4E-806DB7DD5A44}"
EndProject
Project("{FAE04EC0-301F-11D3-BF4B-00C04F79EFBC}") = "DependencyInversionPrinciple", "DependencyInversionPrinciple\DependencyInversionPrinciple.csproj", "{BCD077F5-6FDD-492F-AF2B-7F35384D9722}"
EndProject
Global
	GlobalSection(SolutionConfigurationPlatforms) = preSolution
		Debug|Any CPU = Debug|Any CPU
		Release|Any CPU = Release|Any CPU
	EndGlobalSection
	GlobalSection(ProjectConfigurationPlatforms) = postSolution
		{DB574559-0975-4341-85C2-C042F675BAFF}.Debug|Any CPU.ActiveCfg = Debug|Any CPU
		{DB574559-0975-4341-85C2-C042F675BAFF}.Debug|Any CPU.Build.0 = Debug|Any CPU
		{DB574559-0975-4341-85C2-C042F675BAFF}.Release|Any CPU.ActiveCfg = Release|Any CPU
		{DB574559-0975-4341-85C2-C042F675BAFF}.Release|Any CPU.Build.0 = Release|Any CPU
		{084BB814-5B54-4031-987C-884083ED2908}.Debug|Any CPU.ActiveCfg = Debug|Any CPU
		{084BB814-5B54-4031-987C-884083ED2908}.Debug|Any CPU.Build.0 = Debug|Any CPU
		{084BB814-5B54-4031-987C-884083ED2908}.Release|Any CPU.ActiveCfg = Release|Any CPU
		{084BB814-5B54-4031-987C-884083ED2908}.Release|Any CPU.Build.0 = Release|Any CPU
		{A5A8E622-F4E0-46F5-863B-07ECC1AFC3CC}.Debug|Any CPU.ActiveCfg = Debug|Any CPU
		{A5A8E622-F4E0-46F5-863B-07ECC1AFC3CC}.Debug|Any CPU.Build.0 = Debug|Any CPU
		{A5A8E622-F4E0-46F5-863B-07ECC1AFC3CC}.Release|Any CPU.ActiveCfg = Release|Any CPU
		{A5A8E622-F4E0-46F5-863B-07ECC1AFC3CC}.Release|Any CPU.Build.0 = Release|Any CPU
		{4CF0B0E5-25F5-4AC1-8F4E-806DB7DD5A44}.Debug|Any CPU.ActiveCfg = Debug|Any CPU
		{4CF0B0E5-25F5-4AC1-8F4E-806DB7DD5A44}.Debug|Any CPU.Build.0 = Debug|Any CPU
		{4CF0B0E5-25F5-4AC1-8F4E-806DB7DD5A44}.Release|Any CPU.ActiveCfg = Release|Any CPU
		{4CF0B0E5-25F5-4AC1-8F4E-806DB7DD5A44}.Release|Any CPU.Build.0 = Release|Any CPU
		{BCD077F5-6FDD-492F-AF2B-7F35384D9722}.Debug|Any CPU.ActiveCfg = Debug|Any CPU
		{BCD077F5-6FDD-492F-AF2B-7F35384D9722}.Debug|Any CPU.Build.0 = Debug|Any CPU
		{BCD077F5-6FDD-492F-AF2B-7F35384D9722}.Release|Any CPU.ActiveCfg = Release|Any CPU
		{BCD077F5-6FDD-492F-AF2B-7F35384D9722}.Release|Any CPU.Build.0 = Release|Any CPU
	EndGlobalSection
	GlobalSection(SolutionProperties) = preSolution
		HideSolutionNode = FALSE
	EndGlobalSection
	GlobalSection(ExtensibilityGlobals) = postSolution
		SolutionGuid = {A2274CEB-C97E-4C9F-9EAF-7F3F41D8F96F}
	EndGlobalSection
EndGlobal
